
Microsoft Visual Studio Solution File, Format Version 12.00
# Visual Studio Version 17
VisualStudioVersion = 17.0.31903.59
MinimumVisualStudioVersion = 10.0.40219.1
Project("{2150E333-8FDC-42A3-9474-1A3956D46DE8}") = "src", "src", "{F08A5C35-BA9E-4500-83C6-CB758B26856B}"
EndProject
Project("{2150E333-8FDC-42A3-9474-1A3956D46DE8}") = "Services", "Services", "{4CB53128-0B25-4F4C-B169-544499BCEAA6}"
EndProject
Project("{9A19103F-16F7-4668-BE54-9A1E7A4F7556}") = "BS.Identidade.API", "src\services\BS.Identidade.API\BS.Identidade.API.csproj", "{F499E1B5-7F34-4F33-BB07-FE36F7E6A77E}"
EndProject
Project("{2150E333-8FDC-42A3-9474-1A3956D46DE8}") = "Web", "Web", "{FF025427-B92A-4F16-8B90-9A2357432B09}"
EndProject
Project("{54A90642-561A-4BB1-A94E-469ADEE60C69}") = "BS.SPA", "src\Web\BS.SPA\BS.SPA.esproj", "{C041502D-0927-4277-9508-77005C12BE98}"
EndProject
Project("{2150E333-8FDC-42A3-9474-1A3956D46DE8}") = "Building Blocks", "Building Blocks", "{03AB1702-EBD9-466A-AD22-4FEBC1760874}"
EndProject
Project("{2150E333-8FDC-42A3-9474-1A3956D46DE8}") = "Core", "Core", "{43AA54A0-A9C2-46EE-BF30-645A7A32A329}"
EndProject
Project("{9A19103F-16F7-4668-BE54-9A1E7A4F7556}") = "BS.Core", "src\building-blocks\BS.Core\BS.Core.csproj", "{6A890963-8AA4-4576-9E11-D3A29F0B42F3}"
EndProject
Project("{2150E333-8FDC-42A3-9474-1A3956D46DE8}") = "Identidade", "Identidade", "{A649E342-4563-4438-969A-EA1D7D3544BF}"
EndProject
Project("{2150E333-8FDC-42A3-9474-1A3956D46DE8}") = "Carrinho", "Carrinho", "{59DA9FDE-3E62-4032-842E-5C9ECF63FD60}"
EndProject
Project("{2150E333-8FDC-42A3-9474-1A3956D46DE8}") = "Cliente", "Cliente", "{7437DFBD-38D7-42BD-89A9-33F11A1451E4}"
EndProject
Project("{2150E333-8FDC-42A3-9474-1A3956D46DE8}") = "Pagamento", "Pagamento", "{6C849F60-94B4-4907-9CC4-8EF4503D72BA}"
EndProject
Project("{2150E333-8FDC-42A3-9474-1A3956D46DE8}") = "Pedido", "Pedido", "{0D37A33A-48C9-41B7-9543-3607E061FE8D}"
EndProject
Project("{2150E333-8FDC-42A3-9474-1A3956D46DE8}") = "Catalogo", "Catalogo", "{46AD23B8-82FD-4E66-9DC8-12BF43CAEF60}"
EndProject
Project("{9A19103F-16F7-4668-BE54-9A1E7A4F7556}") = "BS.Catalogo.API", "src\services\BS.Catalogo.API\BS.Catalogo.API.csproj", "{F8F48992-BFFE-44FF-B4B8-4542308F811C}"
EndProject
Project("{2150E333-8FDC-42A3-9474-1A3956D46DE8}") = "Services", "Services", "{B8C8B6CD-E823-47EA-BA5E-6A5AA2519B25}"
EndProject
Project("{9A19103F-16F7-4668-BE54-9A1E7A4F7556}") = "BS.WebAPI.Core", "src\building-blocks\BS.WebAPI.Core\BS.WebAPI.Core.csproj", "{4464F04B-B8BE-43F5-A4C4-E4FFBC57BFC6}"
EndProject
Project("{9A19103F-16F7-4668-BE54-9A1E7A4F7556}") = "BS.Clientes.API", "src\services\BS.Clientes.API\BS.Clientes.API.csproj", "{78F75FD6-AEFA-4409-B3D2-2A806E9A4315}"
EndProject
Project("{2150E333-8FDC-42A3-9474-1A3956D46DE8}") = "MessageBus", "MessageBus", "{1F4A9D38-8FFE-46F2-9305-BED4FE41DAEF}"
EndProject
Project("{FAE04EC0-301F-11D3-BF4B-00C04F79EFBC}") = "BS.MessageBus", "src\building-blocks\BS.MessageBus\BS.MessageBus.csproj", "{7E5C14C0-EACC-45E9-A5B4-53799CA9F610}"
EndProject
Global
	GlobalSection(SolutionConfigurationPlatforms) = preSolution
		Debug|Any CPU = Debug|Any CPU
		Release|Any CPU = Release|Any CPU
	EndGlobalSection
	GlobalSection(ProjectConfigurationPlatforms) = postSolution
		{F499E1B5-7F34-4F33-BB07-FE36F7E6A77E}.Debug|Any CPU.ActiveCfg = Debug|Any CPU
		{F499E1B5-7F34-4F33-BB07-FE36F7E6A77E}.Debug|Any CPU.Build.0 = Debug|Any CPU
		{F499E1B5-7F34-4F33-BB07-FE36F7E6A77E}.Release|Any CPU.ActiveCfg = Release|Any CPU
		{F499E1B5-7F34-4F33-BB07-FE36F7E6A77E}.Release|Any CPU.Build.0 = Release|Any CPU
		{C041502D-0927-4277-9508-77005C12BE98}.Debug|Any CPU.ActiveCfg = Debug|Any CPU
		{C041502D-0927-4277-9508-77005C12BE98}.Debug|Any CPU.Build.0 = Debug|Any CPU
		{C041502D-0927-4277-9508-77005C12BE98}.Debug|Any CPU.Deploy.0 = Debug|Any CPU
		{C041502D-0927-4277-9508-77005C12BE98}.Release|Any CPU.ActiveCfg = Release|Any CPU
		{C041502D-0927-4277-9508-77005C12BE98}.Release|Any CPU.Build.0 = Release|Any CPU
		{C041502D-0927-4277-9508-77005C12BE98}.Release|Any CPU.Deploy.0 = Release|Any CPU
		{6A890963-8AA4-4576-9E11-D3A29F0B42F3}.Debug|Any CPU.ActiveCfg = Debug|Any CPU
		{6A890963-8AA4-4576-9E11-D3A29F0B42F3}.Debug|Any CPU.Build.0 = Debug|Any CPU
		{6A890963-8AA4-4576-9E11-D3A29F0B42F3}.Release|Any CPU.ActiveCfg = Release|Any CPU
		{6A890963-8AA4-4576-9E11-D3A29F0B42F3}.Release|Any CPU.Build.0 = Release|Any CPU
		{F8F48992-BFFE-44FF-B4B8-4542308F811C}.Debug|Any CPU.ActiveCfg = Debug|Any CPU
		{F8F48992-BFFE-44FF-B4B8-4542308F811C}.Debug|Any CPU.Build.0 = Debug|Any CPU
		{F8F48992-BFFE-44FF-B4B8-4542308F811C}.Release|Any CPU.ActiveCfg = Release|Any CPU
		{F8F48992-BFFE-44FF-B4B8-4542308F811C}.Release|Any CPU.Build.0 = Release|Any CPU
		{4464F04B-B8BE-43F5-A4C4-E4FFBC57BFC6}.Debug|Any CPU.ActiveCfg = Debug|Any CPU
		{4464F04B-B8BE-43F5-A4C4-E4FFBC57BFC6}.Debug|Any CPU.Build.0 = Debug|Any CPU
		{4464F04B-B8BE-43F5-A4C4-E4FFBC57BFC6}.Release|Any CPU.ActiveCfg = Release|Any CPU
		{4464F04B-B8BE-43F5-A4C4-E4FFBC57BFC6}.Release|Any CPU.Build.0 = Release|Any CPU
		{78F75FD6-AEFA-4409-B3D2-2A806E9A4315}.Debug|Any CPU.ActiveCfg = Debug|Any CPU
		{78F75FD6-AEFA-4409-B3D2-2A806E9A4315}.Debug|Any CPU.Build.0 = Debug|Any CPU
		{78F75FD6-AEFA-4409-B3D2-2A806E9A4315}.Release|Any CPU.ActiveCfg = Release|Any CPU
		{78F75FD6-AEFA-4409-B3D2-2A806E9A4315}.Release|Any CPU.Build.0 = Release|Any CPU
		{7E5C14C0-EACC-45E9-A5B4-53799CA9F610}.Debug|Any CPU.ActiveCfg = Debug|Any CPU
		{7E5C14C0-EACC-45E9-A5B4-53799CA9F610}.Debug|Any CPU.Build.0 = Debug|Any CPU
		{7E5C14C0-EACC-45E9-A5B4-53799CA9F610}.Release|Any CPU.ActiveCfg = Release|Any CPU
		{7E5C14C0-EACC-45E9-A5B4-53799CA9F610}.Release|Any CPU.Build.0 = Release|Any CPU
	EndGlobalSection
	GlobalSection(SolutionProperties) = preSolution
		HideSolutionNode = FALSE
	EndGlobalSection
	GlobalSection(NestedProjects) = preSolution
		{4CB53128-0B25-4F4C-B169-544499BCEAA6} = {F08A5C35-BA9E-4500-83C6-CB758B26856B}
		{F499E1B5-7F34-4F33-BB07-FE36F7E6A77E} = {A649E342-4563-4438-969A-EA1D7D3544BF}
		{FF025427-B92A-4F16-8B90-9A2357432B09} = {F08A5C35-BA9E-4500-83C6-CB758B26856B}
		{C041502D-0927-4277-9508-77005C12BE98} = {FF025427-B92A-4F16-8B90-9A2357432B09}
		{03AB1702-EBD9-466A-AD22-4FEBC1760874} = {F08A5C35-BA9E-4500-83C6-CB758B26856B}
		{43AA54A0-A9C2-46EE-BF30-645A7A32A329} = {03AB1702-EBD9-466A-AD22-4FEBC1760874}
		{6A890963-8AA4-4576-9E11-D3A29F0B42F3} = {43AA54A0-A9C2-46EE-BF30-645A7A32A329}
		{A649E342-4563-4438-969A-EA1D7D3544BF} = {4CB53128-0B25-4F4C-B169-544499BCEAA6}
		{59DA9FDE-3E62-4032-842E-5C9ECF63FD60} = {4CB53128-0B25-4F4C-B169-544499BCEAA6}
		{7437DFBD-38D7-42BD-89A9-33F11A1451E4} = {4CB53128-0B25-4F4C-B169-544499BCEAA6}
		{6C849F60-94B4-4907-9CC4-8EF4503D72BA} = {4CB53128-0B25-4F4C-B169-544499BCEAA6}
		{0D37A33A-48C9-41B7-9543-3607E061FE8D} = {4CB53128-0B25-4F4C-B169-544499BCEAA6}
		{46AD23B8-82FD-4E66-9DC8-12BF43CAEF60} = {4CB53128-0B25-4F4C-B169-544499BCEAA6}
		{F8F48992-BFFE-44FF-B4B8-4542308F811C} = {46AD23B8-82FD-4E66-9DC8-12BF43CAEF60}
		{B8C8B6CD-E823-47EA-BA5E-6A5AA2519B25} = {03AB1702-EBD9-466A-AD22-4FEBC1760874}
		{4464F04B-B8BE-43F5-A4C4-E4FFBC57BFC6} = {B8C8B6CD-E823-47EA-BA5E-6A5AA2519B25}
		{78F75FD6-AEFA-4409-B3D2-2A806E9A4315} = {7437DFBD-38D7-42BD-89A9-33F11A1451E4}
		{1F4A9D38-8FFE-46F2-9305-BED4FE41DAEF} = {03AB1702-EBD9-466A-AD22-4FEBC1760874}
		{7E5C14C0-EACC-45E9-A5B4-53799CA9F610} = {1F4A9D38-8FFE-46F2-9305-BED4FE41DAEF}
	EndGlobalSection
	GlobalSection(ExtensibilityGlobals) = postSolution
		SolutionGuid = {8D80A12C-7F45-4F3A-AA05-60C1BC79ED58}
	EndGlobalSection
EndGlobal
